// !$*UTF8*$!
{
	archiveVersion = 1;
	classes = {
	};
	objectVersion = 55;
	objects = {

/* Begin PBXBuildFile section */
		630115D12A939DD400FE869B /* RMCharacterDetailVC.swift in Sources */ = {isa = PBXBuildFile; fileRef = 630115D02A939DD400FE869B /* RMCharacterDetailVC.swift */; };
		630115D32A93B8ED00FE869B /* RMCharacterDetailView.swift in Sources */ = {isa = PBXBuildFile; fileRef = 630115D22A93B8ED00FE869B /* RMCharacterDetailView.swift */; };
		630115D52A93B93500FE869B /* RMCharacterDetailViewViewModel.swift in Sources */ = {isa = PBXBuildFile; fileRef = 630115D42A93B93500FE869B /* RMCharacterDetailViewViewModel.swift */; };
		630115D72A93CB5800FE869B /* RMFooterLoadingCollectionReusableView.swift in Sources */ = {isa = PBXBuildFile; fileRef = 630115D62A93CB5800FE869B /* RMFooterLoadingCollectionReusableView.swift */; };
		6313B1DF2A9FB6060017C101 /* RMEpisodeDetailVC.swift in Sources */ = {isa = PBXBuildFile; fileRef = 6313B1DE2A9FB6060017C101 /* RMEpisodeDetailVC.swift */; };
		6313B1E12AA086DF0017C101 /* RMAPICacheManager.swift in Sources */ = {isa = PBXBuildFile; fileRef = 6313B1E02AA086DE0017C101 /* RMAPICacheManager.swift */; };
		6313B1E32AA08F4B0017C101 /* RMEpisodeDetailViewViewModel.swift in Sources */ = {isa = PBXBuildFile; fileRef = 6313B1E22AA08F4B0017C101 /* RMEpisodeDetailViewViewModel.swift */; };
		6313B1E52AA08FDC0017C101 /* RMEpisodeDetailView.swift in Sources */ = {isa = PBXBuildFile; fileRef = 6313B1E42AA08FDC0017C101 /* RMEpisodeDetailView.swift */; };
		6313B1E82AA094AF0017C101 /* RMEpisodeListView.swift in Sources */ = {isa = PBXBuildFile; fileRef = 6313B1E72AA094AF0017C101 /* RMEpisodeListView.swift */; };
		6313B1EA2AA09BA80017C101 /* RMEpisodeListViewViewModel.swift in Sources */ = {isa = PBXBuildFile; fileRef = 6313B1E92AA09BA80017C101 /* RMEpisodeListViewViewModel.swift */; };
		6313B1EC2AA0A03F0017C101 /* RMGetAllEpisodesResponse.swift in Sources */ = {isa = PBXBuildFile; fileRef = 6313B1EB2AA0A03F0017C101 /* RMGetAllEpisodesResponse.swift */; };
		6313B1F02AA258160017C101 /* RMSearchVC.swift in Sources */ = {isa = PBXBuildFile; fileRef = 6313B1EF2AA258160017C101 /* RMSearchVC.swift */; };
		6313B1F32AA38E880017C101 /* RMEpisodeInfoCollectionViewCellViewModel.swift in Sources */ = {isa = PBXBuildFile; fileRef = 6313B1F22AA38E880017C101 /* RMEpisodeInfoCollectionViewCellViewModel.swift */; };
		6313B1F52AA38F000017C101 /* RMEpisodeInfoCollectionViewCell.swift in Sources */ = {isa = PBXBuildFile; fileRef = 6313B1F42AA38F000017C101 /* RMEpisodeInfoCollectionViewCell.swift */; };
		6385D5442AA8714A0091B91D /* RMGetAllLocationsResponse.swift in Sources */ = {isa = PBXBuildFile; fileRef = 6385D5432AA8714A0091B91D /* RMGetAllLocationsResponse.swift */; };
		6385D5462AA87E070091B91D /* RMLocationTableViewCell.swift in Sources */ = {isa = PBXBuildFile; fileRef = 6385D5452AA87E070091B91D /* RMLocationTableViewCell.swift */; };
		63BA86012AA6346C009B3E16 /* RMSettingsViewViewModel.swift in Sources */ = {isa = PBXBuildFile; fileRef = 63BA86002AA6346B009B3E16 /* RMSettingsViewViewModel.swift */; };
		63BA86032AA634B7009B3E16 /* RMSettingsCellViewModel.swift in Sources */ = {isa = PBXBuildFile; fileRef = 63BA86022AA634B7009B3E16 /* RMSettingsCellViewModel.swift */; };
		63BA86052AA634F7009B3E16 /* RMSettingsOptions.swift in Sources */ = {isa = PBXBuildFile; fileRef = 63BA86042AA634F7009B3E16 /* RMSettingsOptions.swift */; };
		63BA86082AA76070009B3E16 /* RMSettingsView.swift in Sources */ = {isa = PBXBuildFile; fileRef = 63BA86072AA76070009B3E16 /* RMSettingsView.swift */; };
		63BA860B2AA847C7009B3E16 /* RMLocationView.swift in Sources */ = {isa = PBXBuildFile; fileRef = 63BA860A2AA847C7009B3E16 /* RMLocationView.swift */; };
		63BA860F2AA84C67009B3E16 /* RMLocationCellViewModel.swift in Sources */ = {isa = PBXBuildFile; fileRef = 63BA860E2AA84C67009B3E16 /* RMLocationCellViewModel.swift */; };
		63BA86112AA84C83009B3E16 /* RMLocationViewViewModel.swift in Sources */ = {isa = PBXBuildFile; fileRef = 63BA86102AA84C83009B3E16 /* RMLocationViewViewModel.swift */; };
		63C0B28E2AAAF4F100B1963A /* RMLocationDetailView.swift in Sources */ = {isa = PBXBuildFile; fileRef = 63C0B28D2AAAF4F100B1963A /* RMLocationDetailView.swift */; };
		63C0B2902AAAF61E00B1963A /* RMLocationDetailViewViewModel.swift in Sources */ = {isa = PBXBuildFile; fileRef = 63C0B28F2AAAF61E00B1963A /* RMLocationDetailViewViewModel.swift */; };
		63C0B2922AAAF98600B1963A /* RMLocationDetailVC.swift in Sources */ = {isa = PBXBuildFile; fileRef = 63C0B2912AAAF98600B1963A /* RMLocationDetailVC.swift */; };
		63C0B2942AAB06E300B1963A /* RMLocationInfoCollectionViewCell.swift in Sources */ = {isa = PBXBuildFile; fileRef = 63C0B2932AAB06E300B1963A /* RMLocationInfoCollectionViewCell.swift */; };
		63C0B2962AAB071800B1963A /* RMLocationInfoCollectionViewCellViewModel.swift in Sources */ = {isa = PBXBuildFile; fileRef = 63C0B2952AAB071800B1963A /* RMLocationInfoCollectionViewCellViewModel.swift */; };
		63C0B2992AAC9BD600B1963A /* RMSearchView.swift in Sources */ = {isa = PBXBuildFile; fileRef = 63C0B2982AAC9BD600B1963A /* RMSearchView.swift */; };
		63C0B29B2AAC9C3300B1963A /* RMSearchViewViewModel.swift in Sources */ = {isa = PBXBuildFile; fileRef = 63C0B29A2AAC9C3300B1963A /* RMSearchViewViewModel.swift */; };
		63C0B29E2AAC9EBC00B1963A /* RMNoResultsSearchView.swift in Sources */ = {isa = PBXBuildFile; fileRef = 63C0B29D2AAC9EBC00B1963A /* RMNoResultsSearchView.swift */; };
		63C0B2A02AAC9ED300B1963A /* RMNoResultsSearchViewViewModel.swift in Sources */ = {isa = PBXBuildFile; fileRef = 63C0B29F2AAC9ED300B1963A /* RMNoResultsSearchViewViewModel.swift */; };
		63C0B2A22AAC9F4700B1963A /* RMSearchInputView.swift in Sources */ = {isa = PBXBuildFile; fileRef = 63C0B2A12AAC9F4700B1963A /* RMSearchInputView.swift */; };
		63C0B2A42AAC9F5300B1963A /* RMSearchInputViewViewModel.swift in Sources */ = {isa = PBXBuildFile; fileRef = 63C0B2A32AAC9F5300B1963A /* RMSearchInputViewViewModel.swift */; };
		63C6C56E2A99B4C600B0B58E /* RMImageLoader.swift in Sources */ = {isa = PBXBuildFile; fileRef = 63C6C56D2A99B4C600B0B58E /* RMImageLoader.swift */; };
		63C6C5722A9A4C9800B0B58E /* RMCharacterPhotoCollectionViewCell.swift in Sources */ = {isa = PBXBuildFile; fileRef = 63C6C5712A9A4C9800B0B58E /* RMCharacterPhotoCollectionViewCell.swift */; };
		63C6C5742A9A4CB000B0B58E /* RMCharacterInfoCollectionViewCell.swift in Sources */ = {isa = PBXBuildFile; fileRef = 63C6C5732A9A4CB000B0B58E /* RMCharacterInfoCollectionViewCell.swift */; };
		63C6C5762A9A4CD100B0B58E /* RMCharacterEpisodeCollectionViewCell.swift in Sources */ = {isa = PBXBuildFile; fileRef = 63C6C5752A9A4CD100B0B58E /* RMCharacterEpisodeCollectionViewCell.swift */; };
		63C6C57A2A9A4DFF00B0B58E /* RMCharacterPhotoCollectionViewCellViewModel.swift in Sources */ = {isa = PBXBuildFile; fileRef = 63C6C5792A9A4DFF00B0B58E /* RMCharacterPhotoCollectionViewCellViewModel.swift */; };
		63C6C57C2A9A4E1900B0B58E /* RMCharacterInfoCollectionViewCellViewModel.swift in Sources */ = {isa = PBXBuildFile; fileRef = 63C6C57B2A9A4E1900B0B58E /* RMCharacterInfoCollectionViewCellViewModel.swift */; };
		63C6C57E2A9A4E3600B0B58E /* RMCharactereEpisodesCollectionViewCellViewModel.swift in Sources */ = {isa = PBXBuildFile; fileRef = 63C6C57D2A9A4E3600B0B58E /* RMCharactereEpisodesCollectionViewCellViewModel.swift */; };
		63CD3FDB2A87C38C00B8A450 /* AppDelegate.swift in Sources */ = {isa = PBXBuildFile; fileRef = 63CD3FDA2A87C38C00B8A450 /* AppDelegate.swift */; };
		63CD3FDD2A87C38C00B8A450 /* SceneDelegate.swift in Sources */ = {isa = PBXBuildFile; fileRef = 63CD3FDC2A87C38C00B8A450 /* SceneDelegate.swift */; };
		63CD3FE42A87C38E00B8A450 /* Assets.xcassets in Resources */ = {isa = PBXBuildFile; fileRef = 63CD3FE32A87C38E00B8A450 /* Assets.xcassets */; };
		63CD400F2A87C52F00B8A450 /* RMEpisodesVC.swift in Sources */ = {isa = PBXBuildFile; fileRef = 63CD40092A87C52F00B8A450 /* RMEpisodesVC.swift */; };
		63CD40102A87C52F00B8A450 /* RMTabBarController.swift in Sources */ = {isa = PBXBuildFile; fileRef = 63CD400A2A87C52F00B8A450 /* RMTabBarController.swift */; };
		63CD40112A87C52F00B8A450 /* RMLocationsVC.swift in Sources */ = {isa = PBXBuildFile; fileRef = 63CD400B2A87C52F00B8A450 /* RMLocationsVC.swift */; };
		63CD40122A87C52F00B8A450 /* RMSettingsVC.swift in Sources */ = {isa = PBXBuildFile; fileRef = 63CD400C2A87C52F00B8A450 /* RMSettingsVC.swift */; };
		63CD40132A87C52F00B8A450 /* RMCharactersVC.swift in Sources */ = {isa = PBXBuildFile; fileRef = 63CD400D2A87C52F00B8A450 /* RMCharactersVC.swift */; };
		63CD40162A87C59C00B8A450 /* Constants.swift in Sources */ = {isa = PBXBuildFile; fileRef = 63CD40152A87C59C00B8A450 /* Constants.swift */; };
		63D1ABC12A87D09C008D39D9 /* RMService.swift in Sources */ = {isa = PBXBuildFile; fileRef = 63D1ABC02A87D09C008D39D9 /* RMService.swift */; };
		63D1ABC32A87D0B2008D39D9 /* RMRequest.swift in Sources */ = {isa = PBXBuildFile; fileRef = 63D1ABC22A87D0B1008D39D9 /* RMRequest.swift */; };
		63D1ABC52A87D134008D39D9 /* RMEndpoint.swift in Sources */ = {isa = PBXBuildFile; fileRef = 63D1ABC42A87D134008D39D9 /* RMEndpoint.swift */; };
		63D1ABC72A87E8D2008D39D9 /* RMLocation.swift in Sources */ = {isa = PBXBuildFile; fileRef = 63D1ABC62A87E8D2008D39D9 /* RMLocation.swift */; };
		63D1ABCA2A87E9AC008D39D9 /* RMCharacter.swift in Sources */ = {isa = PBXBuildFile; fileRef = 63D1ABC92A87E9AC008D39D9 /* RMCharacter.swift */; };
		63D1ABCC2A87EE18008D39D9 /* RMOrigin.swift in Sources */ = {isa = PBXBuildFile; fileRef = 63D1ABCB2A87EE18008D39D9 /* RMOrigin.swift */; };
		63D1ABCE2A87EEA9008D39D9 /* RMSingleLocation.swift in Sources */ = {isa = PBXBuildFile; fileRef = 63D1ABCD2A87EEA9008D39D9 /* RMSingleLocation.swift */; };
		63D1ABD02A87F2A0008D39D9 /* RMCharacterStatus.swift in Sources */ = {isa = PBXBuildFile; fileRef = 63D1ABCF2A87F2A0008D39D9 /* RMCharacterStatus.swift */; };
		63D1ABD22A87F401008D39D9 /* RMCharacterGender.swift in Sources */ = {isa = PBXBuildFile; fileRef = 63D1ABD12A87F401008D39D9 /* RMCharacterGender.swift */; };
		63D1ABD42A87FCB5008D39D9 /* RMEpisode.swift in Sources */ = {isa = PBXBuildFile; fileRef = 63D1ABD32A87FCB5008D39D9 /* RMEpisode.swift */; };
		63D1ABD82A8918ED008D39D9 /* RMGetAllCharactersResponse.swift in Sources */ = {isa = PBXBuildFile; fileRef = 63D1ABD72A8918ED008D39D9 /* RMGetAllCharactersResponse.swift */; };
		63D1ABDA2A8B86A9008D39D9 /* RMCharactrersListViewViewModel.swift in Sources */ = {isa = PBXBuildFile; fileRef = 63D1ABD92A8B86A9008D39D9 /* RMCharactrersListViewViewModel.swift */; };
		63D1ABDC2A8B8777008D39D9 /* RMCharactersListView.swift in Sources */ = {isa = PBXBuildFile; fileRef = 63D1ABDB2A8B8777008D39D9 /* RMCharactersListView.swift */; };
		63D1ABDE2A8BB3FA008D39D9 /* Extensions.swift in Sources */ = {isa = PBXBuildFile; fileRef = 63D1ABDD2A8BB3FA008D39D9 /* Extensions.swift */; };
		63D1ABE02A8D3266008D39D9 /* RMCharacterCollectionViewCell.swift in Sources */ = {isa = PBXBuildFile; fileRef = 63D1ABDF2A8D3266008D39D9 /* RMCharacterCollectionViewCell.swift */; };
		63D1ABE22A8D340F008D39D9 /* RMCharacterCollectionViewCellViewModel.swift in Sources */ = {isa = PBXBuildFile; fileRef = 63D1ABE12A8D340F008D39D9 /* RMCharacterCollectionViewCellViewModel.swift */; };
/* End PBXBuildFile section */

/* Begin PBXFileReference section */
		630115D02A939DD400FE869B /* RMCharacterDetailVC.swift */ = {isa = PBXFileReference; lastKnownFileType = sourcecode.swift; path = RMCharacterDetailVC.swift; sourceTree = "<group>"; };
		630115D22A93B8ED00FE869B /* RMCharacterDetailView.swift */ = {isa = PBXFileReference; lastKnownFileType = sourcecode.swift; path = RMCharacterDetailView.swift; sourceTree = "<group>"; };
		630115D42A93B93500FE869B /* RMCharacterDetailViewViewModel.swift */ = {isa = PBXFileReference; lastKnownFileType = sourcecode.swift; path = RMCharacterDetailViewViewModel.swift; sourceTree = "<group>"; };
		630115D62A93CB5800FE869B /* RMFooterLoadingCollectionReusableView.swift */ = {isa = PBXFileReference; lastKnownFileType = sourcecode.swift; path = RMFooterLoadingCollectionReusableView.swift; sourceTree = "<group>"; };
		6313B1DE2A9FB6060017C101 /* RMEpisodeDetailVC.swift */ = {isa = PBXFileReference; lastKnownFileType = sourcecode.swift; path = RMEpisodeDetailVC.swift; sourceTree = "<group>"; };
		6313B1E02AA086DE0017C101 /* RMAPICacheManager.swift */ = {isa = PBXFileReference; lastKnownFileType = sourcecode.swift; path = RMAPICacheManager.swift; sourceTree = "<group>"; };
		6313B1E22AA08F4B0017C101 /* RMEpisodeDetailViewViewModel.swift */ = {isa = PBXFileReference; lastKnownFileType = sourcecode.swift; path = RMEpisodeDetailViewViewModel.swift; sourceTree = "<group>"; };
		6313B1E42AA08FDC0017C101 /* RMEpisodeDetailView.swift */ = {isa = PBXFileReference; lastKnownFileType = sourcecode.swift; name = RMEpisodeDetailView.swift; path = ../CharacterDetails/RMEpisodeDetailView.swift; sourceTree = "<group>"; };
		6313B1E72AA094AF0017C101 /* RMEpisodeListView.swift */ = {isa = PBXFileReference; lastKnownFileType = sourcecode.swift; path = RMEpisodeListView.swift; sourceTree = "<group>"; };
		6313B1E92AA09BA80017C101 /* RMEpisodeListViewViewModel.swift */ = {isa = PBXFileReference; lastKnownFileType = sourcecode.swift; path = RMEpisodeListViewViewModel.swift; sourceTree = "<group>"; };
		6313B1EB2AA0A03F0017C101 /* RMGetAllEpisodesResponse.swift */ = {isa = PBXFileReference; lastKnownFileType = sourcecode.swift; path = RMGetAllEpisodesResponse.swift; sourceTree = "<group>"; };
		6313B1EF2AA258160017C101 /* RMSearchVC.swift */ = {isa = PBXFileReference; lastKnownFileType = sourcecode.swift; path = RMSearchVC.swift; sourceTree = "<group>"; };
		6313B1F22AA38E880017C101 /* RMEpisodeInfoCollectionViewCellViewModel.swift */ = {isa = PBXFileReference; lastKnownFileType = sourcecode.swift; path = RMEpisodeInfoCollectionViewCellViewModel.swift; sourceTree = "<group>"; };
		6313B1F42AA38F000017C101 /* RMEpisodeInfoCollectionViewCell.swift */ = {isa = PBXFileReference; lastKnownFileType = sourcecode.swift; path = RMEpisodeInfoCollectionViewCell.swift; sourceTree = "<group>"; };
		6385D5432AA8714A0091B91D /* RMGetAllLocationsResponse.swift */ = {isa = PBXFileReference; lastKnownFileType = sourcecode.swift; path = RMGetAllLocationsResponse.swift; sourceTree = "<group>"; };
		6385D5452AA87E070091B91D /* RMLocationTableViewCell.swift */ = {isa = PBXFileReference; lastKnownFileType = sourcecode.swift; path = RMLocationTableViewCell.swift; sourceTree = "<group>"; };
		63BA86002AA6346B009B3E16 /* RMSettingsViewViewModel.swift */ = {isa = PBXFileReference; lastKnownFileType = sourcecode.swift; path = RMSettingsViewViewModel.swift; sourceTree = "<group>"; };
		63BA86022AA634B7009B3E16 /* RMSettingsCellViewModel.swift */ = {isa = PBXFileReference; lastKnownFileType = sourcecode.swift; path = RMSettingsCellViewModel.swift; sourceTree = "<group>"; };
		63BA86042AA634F7009B3E16 /* RMSettingsOptions.swift */ = {isa = PBXFileReference; lastKnownFileType = sourcecode.swift; path = RMSettingsOptions.swift; sourceTree = "<group>"; };
		63BA86072AA76070009B3E16 /* RMSettingsView.swift */ = {isa = PBXFileReference; lastKnownFileType = sourcecode.swift; path = RMSettingsView.swift; sourceTree = "<group>"; };
		63BA860A2AA847C7009B3E16 /* RMLocationView.swift */ = {isa = PBXFileReference; lastKnownFileType = sourcecode.swift; path = RMLocationView.swift; sourceTree = "<group>"; };
		63BA860E2AA84C67009B3E16 /* RMLocationCellViewModel.swift */ = {isa = PBXFileReference; lastKnownFileType = sourcecode.swift; path = RMLocationCellViewModel.swift; sourceTree = "<group>"; };
		63BA86102AA84C83009B3E16 /* RMLocationViewViewModel.swift */ = {isa = PBXFileReference; lastKnownFileType = sourcecode.swift; path = RMLocationViewViewModel.swift; sourceTree = "<group>"; };
		63C0B28D2AAAF4F100B1963A /* RMLocationDetailView.swift */ = {isa = PBXFileReference; lastKnownFileType = sourcecode.swift; path = RMLocationDetailView.swift; sourceTree = "<group>"; };
		63C0B28F2AAAF61E00B1963A /* RMLocationDetailViewViewModel.swift */ = {isa = PBXFileReference; lastKnownFileType = sourcecode.swift; path = RMLocationDetailViewViewModel.swift; sourceTree = "<group>"; };
		63C0B2912AAAF98600B1963A /* RMLocationDetailVC.swift */ = {isa = PBXFileReference; lastKnownFileType = sourcecode.swift; path = RMLocationDetailVC.swift; sourceTree = "<group>"; };
		63C0B2932AAB06E300B1963A /* RMLocationInfoCollectionViewCell.swift */ = {isa = PBXFileReference; lastKnownFileType = sourcecode.swift; path = RMLocationInfoCollectionViewCell.swift; sourceTree = "<group>"; };
		63C0B2952AAB071800B1963A /* RMLocationInfoCollectionViewCellViewModel.swift */ = {isa = PBXFileReference; lastKnownFileType = sourcecode.swift; path = RMLocationInfoCollectionViewCellViewModel.swift; sourceTree = "<group>"; };
		63C0B2982AAC9BD600B1963A /* RMSearchView.swift */ = {isa = PBXFileReference; lastKnownFileType = sourcecode.swift; path = RMSearchView.swift; sourceTree = "<group>"; };
		63C0B29A2AAC9C3300B1963A /* RMSearchViewViewModel.swift */ = {isa = PBXFileReference; lastKnownFileType = sourcecode.swift; path = RMSearchViewViewModel.swift; sourceTree = "<group>"; };
		63C0B29D2AAC9EBC00B1963A /* RMNoResultsSearchView.swift */ = {isa = PBXFileReference; lastKnownFileType = sourcecode.swift; path = RMNoResultsSearchView.swift; sourceTree = "<group>"; };
		63C0B29F2AAC9ED300B1963A /* RMNoResultsSearchViewViewModel.swift */ = {isa = PBXFileReference; lastKnownFileType = sourcecode.swift; path = RMNoResultsSearchViewViewModel.swift; sourceTree = "<group>"; };
		63C0B2A12AAC9F4700B1963A /* RMSearchInputView.swift */ = {isa = PBXFileReference; lastKnownFileType = sourcecode.swift; path = RMSearchInputView.swift; sourceTree = "<group>"; };
		63C0B2A32AAC9F5300B1963A /* RMSearchInputViewViewModel.swift */ = {isa = PBXFileReference; lastKnownFileType = sourcecode.swift; path = RMSearchInputViewViewModel.swift; sourceTree = "<group>"; };
		63C6C56D2A99B4C600B0B58E /* RMImageLoader.swift */ = {isa = PBXFileReference; lastKnownFileType = sourcecode.swift; path = RMImageLoader.swift; sourceTree = "<group>"; };
		63C6C5712A9A4C9800B0B58E /* RMCharacterPhotoCollectionViewCell.swift */ = {isa = PBXFileReference; lastKnownFileType = sourcecode.swift; path = RMCharacterPhotoCollectionViewCell.swift; sourceTree = "<group>"; };
		63C6C5732A9A4CB000B0B58E /* RMCharacterInfoCollectionViewCell.swift */ = {isa = PBXFileReference; lastKnownFileType = sourcecode.swift; path = RMCharacterInfoCollectionViewCell.swift; sourceTree = "<group>"; };
		63C6C5752A9A4CD100B0B58E /* RMCharacterEpisodeCollectionViewCell.swift */ = {isa = PBXFileReference; lastKnownFileType = sourcecode.swift; path = RMCharacterEpisodeCollectionViewCell.swift; sourceTree = "<group>"; };
		63C6C5792A9A4DFF00B0B58E /* RMCharacterPhotoCollectionViewCellViewModel.swift */ = {isa = PBXFileReference; lastKnownFileType = sourcecode.swift; path = RMCharacterPhotoCollectionViewCellViewModel.swift; sourceTree = "<group>"; };
		63C6C57B2A9A4E1900B0B58E /* RMCharacterInfoCollectionViewCellViewModel.swift */ = {isa = PBXFileReference; lastKnownFileType = sourcecode.swift; path = RMCharacterInfoCollectionViewCellViewModel.swift; sourceTree = "<group>"; };
		63C6C57D2A9A4E3600B0B58E /* RMCharactereEpisodesCollectionViewCellViewModel.swift */ = {isa = PBXFileReference; lastKnownFileType = sourcecode.swift; path = RMCharactereEpisodesCollectionViewCellViewModel.swift; sourceTree = "<group>"; };
		63CD3FD72A87C38B00B8A450 /* RickAndMorty.app */ = {isa = PBXFileReference; explicitFileType = wrapper.application; includeInIndex = 0; path = RickAndMorty.app; sourceTree = BUILT_PRODUCTS_DIR; };
		63CD3FDA2A87C38C00B8A450 /* AppDelegate.swift */ = {isa = PBXFileReference; lastKnownFileType = sourcecode.swift; path = AppDelegate.swift; sourceTree = "<group>"; };
		63CD3FDC2A87C38C00B8A450 /* SceneDelegate.swift */ = {isa = PBXFileReference; lastKnownFileType = sourcecode.swift; path = SceneDelegate.swift; sourceTree = "<group>"; };
		63CD3FE32A87C38E00B8A450 /* Assets.xcassets */ = {isa = PBXFileReference; lastKnownFileType = folder.assetcatalog; path = Assets.xcassets; sourceTree = "<group>"; };
		63CD3FE82A87C38E00B8A450 /* Info.plist */ = {isa = PBXFileReference; lastKnownFileType = text.plist.xml; path = Info.plist; sourceTree = "<group>"; };
		63CD40092A87C52F00B8A450 /* RMEpisodesVC.swift */ = {isa = PBXFileReference; fileEncoding = 4; lastKnownFileType = sourcecode.swift; path = RMEpisodesVC.swift; sourceTree = "<group>"; };
		63CD400A2A87C52F00B8A450 /* RMTabBarController.swift */ = {isa = PBXFileReference; fileEncoding = 4; lastKnownFileType = sourcecode.swift; path = RMTabBarController.swift; sourceTree = "<group>"; };
		63CD400B2A87C52F00B8A450 /* RMLocationsVC.swift */ = {isa = PBXFileReference; fileEncoding = 4; lastKnownFileType = sourcecode.swift; path = RMLocationsVC.swift; sourceTree = "<group>"; };
		63CD400C2A87C52F00B8A450 /* RMSettingsVC.swift */ = {isa = PBXFileReference; fileEncoding = 4; lastKnownFileType = sourcecode.swift; path = RMSettingsVC.swift; sourceTree = "<group>"; };
		63CD400D2A87C52F00B8A450 /* RMCharactersVC.swift */ = {isa = PBXFileReference; fileEncoding = 4; lastKnownFileType = sourcecode.swift; path = RMCharactersVC.swift; sourceTree = "<group>"; };
		63CD40152A87C59C00B8A450 /* Constants.swift */ = {isa = PBXFileReference; lastKnownFileType = sourcecode.swift; path = Constants.swift; sourceTree = "<group>"; };
		63D1ABC02A87D09C008D39D9 /* RMService.swift */ = {isa = PBXFileReference; lastKnownFileType = sourcecode.swift; path = RMService.swift; sourceTree = "<group>"; };
		63D1ABC22A87D0B1008D39D9 /* RMRequest.swift */ = {isa = PBXFileReference; lastKnownFileType = sourcecode.swift; path = RMRequest.swift; sourceTree = "<group>"; };
		63D1ABC42A87D134008D39D9 /* RMEndpoint.swift */ = {isa = PBXFileReference; lastKnownFileType = sourcecode.swift; path = RMEndpoint.swift; sourceTree = "<group>"; };
		63D1ABC62A87E8D2008D39D9 /* RMLocation.swift */ = {isa = PBXFileReference; lastKnownFileType = sourcecode.swift; path = RMLocation.swift; sourceTree = "<group>"; };
		63D1ABC92A87E9AC008D39D9 /* RMCharacter.swift */ = {isa = PBXFileReference; lastKnownFileType = sourcecode.swift; path = RMCharacter.swift; sourceTree = "<group>"; };
		63D1ABCB2A87EE18008D39D9 /* RMOrigin.swift */ = {isa = PBXFileReference; lastKnownFileType = sourcecode.swift; path = RMOrigin.swift; sourceTree = "<group>"; };
		63D1ABCD2A87EEA9008D39D9 /* RMSingleLocation.swift */ = {isa = PBXFileReference; lastKnownFileType = sourcecode.swift; path = RMSingleLocation.swift; sourceTree = "<group>"; };
		63D1ABCF2A87F2A0008D39D9 /* RMCharacterStatus.swift */ = {isa = PBXFileReference; lastKnownFileType = sourcecode.swift; path = RMCharacterStatus.swift; sourceTree = "<group>"; };
		63D1ABD12A87F401008D39D9 /* RMCharacterGender.swift */ = {isa = PBXFileReference; lastKnownFileType = sourcecode.swift; path = RMCharacterGender.swift; sourceTree = "<group>"; };
		63D1ABD32A87FCB5008D39D9 /* RMEpisode.swift */ = {isa = PBXFileReference; lastKnownFileType = sourcecode.swift; path = RMEpisode.swift; sourceTree = "<group>"; };
		63D1ABD72A8918ED008D39D9 /* RMGetAllCharactersResponse.swift */ = {isa = PBXFileReference; lastKnownFileType = sourcecode.swift; path = RMGetAllCharactersResponse.swift; sourceTree = "<group>"; };
		63D1ABD92A8B86A9008D39D9 /* RMCharactrersListViewViewModel.swift */ = {isa = PBXFileReference; lastKnownFileType = sourcecode.swift; path = RMCharactrersListViewViewModel.swift; sourceTree = "<group>"; };
		63D1ABDB2A8B8777008D39D9 /* RMCharactersListView.swift */ = {isa = PBXFileReference; lastKnownFileType = sourcecode.swift; path = RMCharactersListView.swift; sourceTree = "<group>"; };
		63D1ABDD2A8BB3FA008D39D9 /* Extensions.swift */ = {isa = PBXFileReference; lastKnownFileType = sourcecode.swift; path = Extensions.swift; sourceTree = "<group>"; };
		63D1ABDF2A8D3266008D39D9 /* RMCharacterCollectionViewCell.swift */ = {isa = PBXFileReference; lastKnownFileType = sourcecode.swift; path = RMCharacterCollectionViewCell.swift; sourceTree = "<group>"; };
		63D1ABE12A8D340F008D39D9 /* RMCharacterCollectionViewCellViewModel.swift */ = {isa = PBXFileReference; lastKnownFileType = sourcecode.swift; path = RMCharacterCollectionViewCellViewModel.swift; sourceTree = "<group>"; };
/* End PBXFileReference section */

/* Begin PBXFrameworksBuildPhase section */
		63CD3FD42A87C38B00B8A450 /* Frameworks */ = {
			isa = PBXFrameworksBuildPhase;
			buildActionMask = 2147483647;
			files = (
			);
			runOnlyForDeploymentPostprocessing = 0;
		};
/* End PBXFrameworksBuildPhase section */

/* Begin PBXGroup section */
		630115CF2A939D9700FE869B /* Other */ = {
			isa = PBXGroup;
			children = (
				630115D02A939DD400FE869B /* RMCharacterDetailVC.swift */,
				6313B1DE2A9FB6060017C101 /* RMEpisodeDetailVC.swift */,
				6313B1EF2AA258160017C101 /* RMSearchVC.swift */,
				63C0B2912AAAF98600B1963A /* RMLocationDetailVC.swift */,
			);
			path = Other;
			sourceTree = "<group>";
		};
		6313B1E62AA094990017C101 /* Episode */ = {
			isa = PBXGroup;
			children = (
				6313B1F42AA38F000017C101 /* RMEpisodeInfoCollectionViewCell.swift */,
				6313B1E42AA08FDC0017C101 /* RMEpisodeDetailView.swift */,
				6313B1E72AA094AF0017C101 /* RMEpisodeListView.swift */,
				63C0B2A32AAC9F5300B1963A /* RMSearchInputViewViewModel.swift */,
			);
			path = Episode;
			sourceTree = "<group>";
		};
		6313B1F12AA38E780017C101 /* EpisodeDetail */ = {
			isa = PBXGroup;
			children = (
				6313B1E22AA08F4B0017C101 /* RMEpisodeDetailViewViewModel.swift */,
				6313B1F22AA38E880017C101 /* RMEpisodeInfoCollectionViewCellViewModel.swift */,
			);
			path = EpisodeDetail;
			sourceTree = "<group>";
		};
		63BA85FF2AA63447009B3E16 /* Settings */ = {
			isa = PBXGroup;
			children = (
				63BA86002AA6346B009B3E16 /* RMSettingsViewViewModel.swift */,
				63BA86022AA634B7009B3E16 /* RMSettingsCellViewModel.swift */,
				63BA86042AA634F7009B3E16 /* RMSettingsOptions.swift */,
			);
			path = Settings;
			sourceTree = "<group>";
		};
		63BA86062AA7604A009B3E16 /* SwiftUI */ = {
			isa = PBXGroup;
			children = (
				63BA86072AA76070009B3E16 /* RMSettingsView.swift */,
			);
			path = SwiftUI;
			sourceTree = "<group>";
		};
		63BA86092AA847A5009B3E16 /* Location */ = {
			isa = PBXGroup;
			children = (
				63BA860A2AA847C7009B3E16 /* RMLocationView.swift */,
				6385D5452AA87E070091B91D /* RMLocationTableViewCell.swift */,
			);
			path = Location;
			sourceTree = "<group>";
		};
		63BA860C2AA84C39009B3E16 /* Location */ = {
			isa = PBXGroup;
			children = (
				63BA860E2AA84C67009B3E16 /* RMLocationCellViewModel.swift */,
				63BA86102AA84C83009B3E16 /* RMLocationViewViewModel.swift */,
			);
			path = Location;
			sourceTree = "<group>";
		};
		63C0B28B2AAAF4B900B1963A /* LocationDetail */ = {
			isa = PBXGroup;
			children = (
				63C0B28F2AAAF61E00B1963A /* RMLocationDetailViewViewModel.swift */,
				63C0B2952AAB071800B1963A /* RMLocationInfoCollectionViewCellViewModel.swift */,
			);
			path = LocationDetail;
			sourceTree = "<group>";
		};
		63C0B28C2AAAF4D600B1963A /* LocationDetail */ = {
			isa = PBXGroup;
			children = (
				63C0B28D2AAAF4F100B1963A /* RMLocationDetailView.swift */,
				63C0B2932AAB06E300B1963A /* RMLocationInfoCollectionViewCell.swift */,
			);
			path = LocationDetail;
			sourceTree = "<group>";
		};
		63C0B2972AAC9BB400B1963A /* Search */ = {
			isa = PBXGroup;
			children = (
				63C0B2982AAC9BD600B1963A /* RMSearchView.swift */,
				63C0B29D2AAC9EBC00B1963A /* RMNoResultsSearchView.swift */,
				63C0B2A12AAC9F4700B1963A /* RMSearchInputView.swift */,
			);
			path = Search;
			sourceTree = "<group>";
		};
		63C0B29C2AAC9C4900B1963A /* Search */ = {
			isa = PBXGroup;
			children = (
				63C0B29A2AAC9C3300B1963A /* RMSearchViewViewModel.swift */,
				63C0B29F2AAC9ED300B1963A /* RMNoResultsSearchViewViewModel.swift */,
			);
			path = Search;
			sourceTree = "<group>";
		};
		63C6C56F2A9A4C0B00B0B58E /* CharacterDetails */ = {
			isa = PBXGroup;
			children = (
				630115D22A93B8ED00FE869B /* RMCharacterDetailView.swift */,
				63C6C5712A9A4C9800B0B58E /* RMCharacterPhotoCollectionViewCell.swift */,
				63C6C5732A9A4CB000B0B58E /* RMCharacterInfoCollectionViewCell.swift */,
			);
			path = CharacterDetails;
			sourceTree = "<group>";
		};
		63C6C5702A9A4C4200B0B58E /* Character */ = {
			isa = PBXGroup;
			children = (
				63C6C5752A9A4CD100B0B58E /* RMCharacterEpisodeCollectionViewCell.swift */,
				63D1ABDF2A8D3266008D39D9 /* RMCharacterCollectionViewCell.swift */,
				63D1ABDB2A8B8777008D39D9 /* RMCharactersListView.swift */,
			);
			path = Character;
			sourceTree = "<group>";
		};
		63C6C5772A9A4D5200B0B58E /* CharacterDetails */ = {
			isa = PBXGroup;
			children = (
				630115D42A93B93500FE869B /* RMCharacterDetailViewViewModel.swift */,
				63C6C5792A9A4DFF00B0B58E /* RMCharacterPhotoCollectionViewCellViewModel.swift */,
				63C6C57B2A9A4E1900B0B58E /* RMCharacterInfoCollectionViewCellViewModel.swift */,
				63C6C57D2A9A4E3600B0B58E /* RMCharactereEpisodesCollectionViewCellViewModel.swift */,
				6313B1E92AA09BA80017C101 /* RMEpisodeListViewViewModel.swift */,
			);
			path = CharacterDetails;
			sourceTree = "<group>";
		};
		63C6C5782A9A4D9A00B0B58E /* Character */ = {
			isa = PBXGroup;
			children = (
				63D1ABD92A8B86A9008D39D9 /* RMCharactrersListViewViewModel.swift */,
				63D1ABE12A8D340F008D39D9 /* RMCharacterCollectionViewCellViewModel.swift */,
			);
			path = Character;
			sourceTree = "<group>";
		};
		63CD3FCE2A87C38B00B8A450 = {
			isa = PBXGroup;
			children = (
				63CD3FD92A87C38C00B8A450 /* RickAndMorty */,
				63CD3FD82A87C38B00B8A450 /* Products */,
			);
			sourceTree = "<group>";
		};
		63CD3FD82A87C38B00B8A450 /* Products */ = {
			isa = PBXGroup;
			children = (
				63CD3FD72A87C38B00B8A450 /* RickAndMorty.app */,
			);
			name = Products;
			sourceTree = "<group>";
		};
		63CD3FD92A87C38C00B8A450 /* RickAndMorty */ = {
			isa = PBXGroup;
			children = (
				63CD40042A87C52F00B8A450 /* Managers */,
				63D1ABC82A87E8E6008D39D9 /* Models */,
				63CD40052A87C52F00B8A450 /* Views */,
				63CD40032A87C52F00B8A450 /* ViewModels */,
				63CD40062A87C52F00B8A450 /* APIClient */,
				63CD40142A87C55D00B8A450 /* Resources */,
				63CD40072A87C52F00B8A450 /* Controllers */,
				63CD3FE82A87C38E00B8A450 /* Info.plist */,
			);
			path = RickAndMorty;
			sourceTree = "<group>";
		};
		63CD40032A87C52F00B8A450 /* ViewModels */ = {
			isa = PBXGroup;
			children = (
				63C0B29C2AAC9C4900B1963A /* Search */,
				63C0B28B2AAAF4B900B1963A /* LocationDetail */,
				63BA860C2AA84C39009B3E16 /* Location */,
				63BA85FF2AA63447009B3E16 /* Settings */,
				6313B1F12AA38E780017C101 /* EpisodeDetail */,
				63C6C5782A9A4D9A00B0B58E /* Character */,
				63C6C5772A9A4D5200B0B58E /* CharacterDetails */,
			);
			path = ViewModels;
			sourceTree = "<group>";
		};
		63CD40042A87C52F00B8A450 /* Managers */ = {
			isa = PBXGroup;
			children = (
				63C6C56D2A99B4C600B0B58E /* RMImageLoader.swift */,
				6313B1E02AA086DE0017C101 /* RMAPICacheManager.swift */,
			);
			path = Managers;
			sourceTree = "<group>";
		};
		63CD40052A87C52F00B8A450 /* Views */ = {
			isa = PBXGroup;
			children = (
				63C0B2972AAC9BB400B1963A /* Search */,
				63C0B28C2AAAF4D600B1963A /* LocationDetail */,
				63BA86092AA847A5009B3E16 /* Location */,
				63BA86062AA7604A009B3E16 /* SwiftUI */,
				6313B1E62AA094990017C101 /* Episode */,
				63C6C5702A9A4C4200B0B58E /* Character */,
				63C6C56F2A9A4C0B00B0B58E /* CharacterDetails */,
				630115D62A93CB5800FE869B /* RMFooterLoadingCollectionReusableView.swift */,
			);
			path = Views;
			sourceTree = "<group>";
		};
		63CD40062A87C52F00B8A450 /* APIClient */ = {
			isa = PBXGroup;
			children = (
				63D1ABC02A87D09C008D39D9 /* RMService.swift */,
				63D1ABC22A87D0B1008D39D9 /* RMRequest.swift */,
				63D1ABC42A87D134008D39D9 /* RMEndpoint.swift */,
			);
			path = APIClient;
			sourceTree = "<group>";
		};
		63CD40072A87C52F00B8A450 /* Controllers */ = {
			isa = PBXGroup;
			children = (
				630115CF2A939D9700FE869B /* Other */,
				63CD40082A87C52F00B8A450 /* Core */,
			);
			path = Controllers;
			sourceTree = "<group>";
		};
		63CD40082A87C52F00B8A450 /* Core */ = {
			isa = PBXGroup;
			children = (
				63CD40092A87C52F00B8A450 /* RMEpisodesVC.swift */,
				63CD400D2A87C52F00B8A450 /* RMCharactersVC.swift */,
				63CD400A2A87C52F00B8A450 /* RMTabBarController.swift */,
				63CD400B2A87C52F00B8A450 /* RMLocationsVC.swift */,
				63CD400C2A87C52F00B8A450 /* RMSettingsVC.swift */,
			);
			path = Core;
			sourceTree = "<group>";
		};
		63CD40142A87C55D00B8A450 /* Resources */ = {
			isa = PBXGroup;
			children = (
				63CD40152A87C59C00B8A450 /* Constants.swift */,
				63CD3FDA2A87C38C00B8A450 /* AppDelegate.swift */,
				63CD3FDC2A87C38C00B8A450 /* SceneDelegate.swift */,
				63D1ABDD2A8BB3FA008D39D9 /* Extensions.swift */,
				63CD3FE32A87C38E00B8A450 /* Assets.xcassets */,
			);
			path = Resources;
			sourceTree = "<group>";
		};
		63D1ABC82A87E8E6008D39D9 /* Models */ = {
			isa = PBXGroup;
			children = (
				63D1ABD62A891858008D39D9 /* APIResponceTypes */,
				63D1ABD52A89181B008D39D9 /* DataTypes */,
			);
			path = Models;
			sourceTree = "<group>";
		};
		63D1ABD52A89181B008D39D9 /* DataTypes */ = {
			isa = PBXGroup;
			children = (
				63D1ABC62A87E8D2008D39D9 /* RMLocation.swift */,
				63D1ABC92A87E9AC008D39D9 /* RMCharacter.swift */,
				63D1ABCF2A87F2A0008D39D9 /* RMCharacterStatus.swift */,
				63D1ABCB2A87EE18008D39D9 /* RMOrigin.swift */,
				63D1ABCD2A87EEA9008D39D9 /* RMSingleLocation.swift */,
				63D1ABD12A87F401008D39D9 /* RMCharacterGender.swift */,
				63D1ABD32A87FCB5008D39D9 /* RMEpisode.swift */,
			);
			path = DataTypes;
			sourceTree = "<group>";
		};
		63D1ABD62A891858008D39D9 /* APIResponceTypes */ = {
			isa = PBXGroup;
			children = (
				63D1ABD72A8918ED008D39D9 /* RMGetAllCharactersResponse.swift */,
				6313B1EB2AA0A03F0017C101 /* RMGetAllEpisodesResponse.swift */,
				6385D5432AA8714A0091B91D /* RMGetAllLocationsResponse.swift */,
			);
			path = APIResponceTypes;
			sourceTree = "<group>";
		};
/* End PBXGroup section */

/* Begin PBXNativeTarget section */
		63CD3FD62A87C38B00B8A450 /* RickAndMorty */ = {
			isa = PBXNativeTarget;
			buildConfigurationList = 63CD3FEB2A87C38E00B8A450 /* Build configuration list for PBXNativeTarget "RickAndMorty" */;
			buildPhases = (
				63CD3FD32A87C38B00B8A450 /* Sources */,
				63CD3FD42A87C38B00B8A450 /* Frameworks */,
				63CD3FD52A87C38B00B8A450 /* Resources */,
			);
			buildRules = (
			);
			dependencies = (
			);
			name = RickAndMorty;
			productName = RickAndMorty;
			productReference = 63CD3FD72A87C38B00B8A450 /* RickAndMorty.app */;
			productType = "com.apple.product-type.application";
		};
/* End PBXNativeTarget section */

/* Begin PBXProject section */
		63CD3FCF2A87C38B00B8A450 /* Project object */ = {
			isa = PBXProject;
			attributes = {
				BuildIndependentTargetsInParallel = 1;
				LastSwiftUpdateCheck = 1330;
				LastUpgradeCheck = 1330;
				TargetAttributes = {
					63CD3FD62A87C38B00B8A450 = {
						CreatedOnToolsVersion = 13.3.1;
					};
				};
			};
			buildConfigurationList = 63CD3FD22A87C38B00B8A450 /* Build configuration list for PBXProject "RickAndMorty" */;
			compatibilityVersion = "Xcode 13.0";
			developmentRegion = en;
			hasScannedForEncodings = 0;
			knownRegions = (
				en,
				Base,
			);
			mainGroup = 63CD3FCE2A87C38B00B8A450;
			productRefGroup = 63CD3FD82A87C38B00B8A450 /* Products */;
			projectDirPath = "";
			projectRoot = "";
			targets = (
				63CD3FD62A87C38B00B8A450 /* RickAndMorty */,
			);
		};
/* End PBXProject section */

/* Begin PBXResourcesBuildPhase section */
		63CD3FD52A87C38B00B8A450 /* Resources */ = {
			isa = PBXResourcesBuildPhase;
			buildActionMask = 2147483647;
			files = (
				63CD3FE42A87C38E00B8A450 /* Assets.xcassets in Resources */,
			);
			runOnlyForDeploymentPostprocessing = 0;
		};
/* End PBXResourcesBuildPhase section */

/* Begin PBXSourcesBuildPhase section */
		63CD3FD32A87C38B00B8A450 /* Sources */ = {
			isa = PBXSourcesBuildPhase;
			buildActionMask = 2147483647;
			files = (
				63D1ABCC2A87EE18008D39D9 /* RMOrigin.swift in Sources */,
				6313B1E52AA08FDC0017C101 /* RMEpisodeDetailView.swift in Sources */,
				63D1ABCE2A87EEA9008D39D9 /* RMSingleLocation.swift in Sources */,
				63BA86012AA6346C009B3E16 /* RMSettingsViewViewModel.swift in Sources */,
				63D1ABDA2A8B86A9008D39D9 /* RMCharactrersListViewViewModel.swift in Sources */,
				6313B1EA2AA09BA80017C101 /* RMEpisodeListViewViewModel.swift in Sources */,
				630115D32A93B8ED00FE869B /* RMCharacterDetailView.swift in Sources */,
				63D1ABD02A87F2A0008D39D9 /* RMCharacterStatus.swift in Sources */,
				63D1ABD22A87F401008D39D9 /* RMCharacterGender.swift in Sources */,
				63C6C57E2A9A4E3600B0B58E /* RMCharactereEpisodesCollectionViewCellViewModel.swift in Sources */,
				630115D52A93B93500FE869B /* RMCharacterDetailViewViewModel.swift in Sources */,
				63CD40112A87C52F00B8A450 /* RMLocationsVC.swift in Sources */,
				6313B1E32AA08F4B0017C101 /* RMEpisodeDetailViewViewModel.swift in Sources */,
				63C6C57C2A9A4E1900B0B58E /* RMCharacterInfoCollectionViewCellViewModel.swift in Sources */,
				63BA860F2AA84C67009B3E16 /* RMLocationCellViewModel.swift in Sources */,
				63CD400F2A87C52F00B8A450 /* RMEpisodesVC.swift in Sources */,
				6313B1E12AA086DF0017C101 /* RMAPICacheManager.swift in Sources */,
				63D1ABC32A87D0B2008D39D9 /* RMRequest.swift in Sources */,
				63C0B2A42AAC9F5300B1963A /* RMSearchInputViewViewModel.swift in Sources */,
				63C0B2A22AAC9F4700B1963A /* RMSearchInputView.swift in Sources */,
				63D1ABC52A87D134008D39D9 /* RMEndpoint.swift in Sources */,
				63D1ABDE2A8BB3FA008D39D9 /* Extensions.swift in Sources */,
				63C0B2942AAB06E300B1963A /* RMLocationInfoCollectionViewCell.swift in Sources */,
				63C6C5742A9A4CB000B0B58E /* RMCharacterInfoCollectionViewCell.swift in Sources */,
				63C0B2962AAB071800B1963A /* RMLocationInfoCollectionViewCellViewModel.swift in Sources */,
				63BA86032AA634B7009B3E16 /* RMSettingsCellViewModel.swift in Sources */,
				63CD40102A87C52F00B8A450 /* RMTabBarController.swift in Sources */,
				63C0B2992AAC9BD600B1963A /* RMSearchView.swift in Sources */,
				63C0B2902AAAF61E00B1963A /* RMLocationDetailViewViewModel.swift in Sources */,
				63CD3FDB2A87C38C00B8A450 /* AppDelegate.swift in Sources */,
				63C6C5722A9A4C9800B0B58E /* RMCharacterPhotoCollectionViewCell.swift in Sources */,
				63D1ABDC2A8B8777008D39D9 /* RMCharactersListView.swift in Sources */,
				63CD40122A87C52F00B8A450 /* RMSettingsVC.swift in Sources */,
				63D1ABC72A87E8D2008D39D9 /* RMLocation.swift in Sources */,
				63D1ABD42A87FCB5008D39D9 /* RMEpisode.swift in Sources */,
				63C0B29E2AAC9EBC00B1963A /* RMNoResultsSearchView.swift in Sources */,
				6313B1E82AA094AF0017C101 /* RMEpisodeListView.swift in Sources */,
				63C0B2A02AAC9ED300B1963A /* RMNoResultsSearchViewViewModel.swift in Sources */,
				6385D5442AA8714A0091B91D /* RMGetAllLocationsResponse.swift in Sources */,
				63BA86052AA634F7009B3E16 /* RMSettingsOptions.swift in Sources */,
				6313B1DF2A9FB6060017C101 /* RMEpisodeDetailVC.swift in Sources */,
				6313B1F02AA258160017C101 /* RMSearchVC.swift in Sources */,
				63C0B2922AAAF98600B1963A /* RMLocationDetailVC.swift in Sources */,
				63C6C56E2A99B4C600B0B58E /* RMImageLoader.swift in Sources */,
				63CD3FDD2A87C38C00B8A450 /* SceneDelegate.swift in Sources */,
				63BA86082AA76070009B3E16 /* RMSettingsView.swift in Sources */,
				6385D5462AA87E070091B91D /* RMLocationTableViewCell.swift in Sources */,
				63C0B28E2AAAF4F100B1963A /* RMLocationDetailView.swift in Sources */,
				6313B1EC2AA0A03F0017C101 /* RMGetAllEpisodesResponse.swift in Sources */,
				63CD40132A87C52F00B8A450 /* RMCharactersVC.swift in Sources */,
				63D1ABE22A8D340F008D39D9 /* RMCharacterCollectionViewCellViewModel.swift in Sources */,
				63BA860B2AA847C7009B3E16 /* RMLocationView.swift in Sources */,
				63D1ABCA2A87E9AC008D39D9 /* RMCharacter.swift in Sources */,
				630115D72A93CB5800FE869B /* RMFooterLoadingCollectionReusableView.swift in Sources */,
				63D1ABE02A8D3266008D39D9 /* RMCharacterCollectionViewCell.swift in Sources */,
				63C6C57A2A9A4DFF00B0B58E /* RMCharacterPhotoCollectionViewCellViewModel.swift in Sources */,
				63C6C5762A9A4CD100B0B58E /* RMCharacterEpisodeCollectionViewCell.swift in Sources */,
				63D1ABD82A8918ED008D39D9 /* RMGetAllCharactersResponse.swift in Sources */,
				630115D12A939DD400FE869B /* RMCharacterDetailVC.swift in Sources */,
				63C0B29B2AAC9C3300B1963A /* RMSearchViewViewModel.swift in Sources */,
				63CD40162A87C59C00B8A450 /* Constants.swift in Sources */,
				63D1ABC12A87D09C008D39D9 /* RMService.swift in Sources */,
				6313B1F52AA38F000017C101 /* RMEpisodeInfoCollectionViewCell.swift in Sources */,
				63BA86112AA84C83009B3E16 /* RMLocationViewViewModel.swift in Sources */,
				6313B1F32AA38E880017C101 /* RMEpisodeInfoCollectionViewCellViewModel.swift in Sources */,
			);
			runOnlyForDeploymentPostprocessing = 0;
		};
/* End PBXSourcesBuildPhase section */

/* Begin XCBuildConfiguration section */
		63CD3FE92A87C38E00B8A450 /* Debug */ = {
			isa = XCBuildConfiguration;
			buildSettings = {
				ALWAYS_SEARCH_USER_PATHS = NO;
				CLANG_ANALYZER_NONNULL = YES;
				CLANG_ANALYZER_NUMBER_OBJECT_CONVERSION = YES_AGGRESSIVE;
				CLANG_CXX_LANGUAGE_STANDARD = "gnu++17";
				CLANG_ENABLE_MODULES = YES;
				CLANG_ENABLE_OBJC_ARC = YES;
				CLANG_ENABLE_OBJC_WEAK = YES;
				CLANG_WARN_BLOCK_CAPTURE_AUTORELEASING = YES;
				CLANG_WARN_BOOL_CONVERSION = YES;
				CLANG_WARN_COMMA = YES;
				CLANG_WARN_CONSTANT_CONVERSION = YES;
				CLANG_WARN_DEPRECATED_OBJC_IMPLEMENTATIONS = YES;
				CLANG_WARN_DIRECT_OBJC_ISA_USAGE = YES_ERROR;
				CLANG_WARN_DOCUMENTATION_COMMENTS = YES;
				CLANG_WARN_EMPTY_BODY = YES;
				CLANG_WARN_ENUM_CONVERSION = YES;
				CLANG_WARN_INFINITE_RECURSION = YES;
				CLANG_WARN_INT_CONVERSION = YES;
				CLANG_WARN_NON_LITERAL_NULL_CONVERSION = YES;
				CLANG_WARN_OBJC_IMPLICIT_RETAIN_SELF = YES;
				CLANG_WARN_OBJC_LITERAL_CONVERSION = YES;
				CLANG_WARN_OBJC_ROOT_CLASS = YES_ERROR;
				CLANG_WARN_QUOTED_INCLUDE_IN_FRAMEWORK_HEADER = YES;
				CLANG_WARN_RANGE_LOOP_ANALYSIS = YES;
				CLANG_WARN_STRICT_PROTOTYPES = YES;
				CLANG_WARN_SUSPICIOUS_MOVE = YES;
				CLANG_WARN_UNGUARDED_AVAILABILITY = YES_AGGRESSIVE;
				CLANG_WARN_UNREACHABLE_CODE = YES;
				CLANG_WARN__DUPLICATE_METHOD_MATCH = YES;
				COPY_PHASE_STRIP = NO;
				DEBUG_INFORMATION_FORMAT = dwarf;
				ENABLE_STRICT_OBJC_MSGSEND = YES;
				ENABLE_TESTABILITY = YES;
				GCC_C_LANGUAGE_STANDARD = gnu11;
				GCC_DYNAMIC_NO_PIC = NO;
				GCC_NO_COMMON_BLOCKS = YES;
				GCC_OPTIMIZATION_LEVEL = 0;
				GCC_PREPROCESSOR_DEFINITIONS = (
					"DEBUG=1",
					"$(inherited)",
				);
				GCC_WARN_64_TO_32_BIT_CONVERSION = YES;
				GCC_WARN_ABOUT_RETURN_TYPE = YES_ERROR;
				GCC_WARN_UNDECLARED_SELECTOR = YES;
				GCC_WARN_UNINITIALIZED_AUTOS = YES_AGGRESSIVE;
				GCC_WARN_UNUSED_FUNCTION = YES;
				GCC_WARN_UNUSED_VARIABLE = YES;
				IPHONEOS_DEPLOYMENT_TARGET = 15.4;
				MTL_ENABLE_DEBUG_INFO = INCLUDE_SOURCE;
				MTL_FAST_MATH = YES;
				ONLY_ACTIVE_ARCH = YES;
				SDKROOT = iphoneos;
				SWIFT_ACTIVE_COMPILATION_CONDITIONS = DEBUG;
				SWIFT_OPTIMIZATION_LEVEL = "-Onone";
			};
			name = Debug;
		};
		63CD3FEA2A87C38E00B8A450 /* Release */ = {
			isa = XCBuildConfiguration;
			buildSettings = {
				ALWAYS_SEARCH_USER_PATHS = NO;
				CLANG_ANALYZER_NONNULL = YES;
				CLANG_ANALYZER_NUMBER_OBJECT_CONVERSION = YES_AGGRESSIVE;
				CLANG_CXX_LANGUAGE_STANDARD = "gnu++17";
				CLANG_ENABLE_MODULES = YES;
				CLANG_ENABLE_OBJC_ARC = YES;
				CLANG_ENABLE_OBJC_WEAK = YES;
				CLANG_WARN_BLOCK_CAPTURE_AUTORELEASING = YES;
				CLANG_WARN_BOOL_CONVERSION = YES;
				CLANG_WARN_COMMA = YES;
				CLANG_WARN_CONSTANT_CONVERSION = YES;
				CLANG_WARN_DEPRECATED_OBJC_IMPLEMENTATIONS = YES;
				CLANG_WARN_DIRECT_OBJC_ISA_USAGE = YES_ERROR;
				CLANG_WARN_DOCUMENTATION_COMMENTS = YES;
				CLANG_WARN_EMPTY_BODY = YES;
				CLANG_WARN_ENUM_CONVERSION = YES;
				CLANG_WARN_INFINITE_RECURSION = YES;
				CLANG_WARN_INT_CONVERSION = YES;
				CLANG_WARN_NON_LITERAL_NULL_CONVERSION = YES;
				CLANG_WARN_OBJC_IMPLICIT_RETAIN_SELF = YES;
				CLANG_WARN_OBJC_LITERAL_CONVERSION = YES;
				CLANG_WARN_OBJC_ROOT_CLASS = YES_ERROR;
				CLANG_WARN_QUOTED_INCLUDE_IN_FRAMEWORK_HEADER = YES;
				CLANG_WARN_RANGE_LOOP_ANALYSIS = YES;
				CLANG_WARN_STRICT_PROTOTYPES = YES;
				CLANG_WARN_SUSPICIOUS_MOVE = YES;
				CLANG_WARN_UNGUARDED_AVAILABILITY = YES_AGGRESSIVE;
				CLANG_WARN_UNREACHABLE_CODE = YES;
				CLANG_WARN__DUPLICATE_METHOD_MATCH = YES;
				COPY_PHASE_STRIP = NO;
				DEBUG_INFORMATION_FORMAT = "dwarf-with-dsym";
				ENABLE_NS_ASSERTIONS = NO;
				ENABLE_STRICT_OBJC_MSGSEND = YES;
				GCC_C_LANGUAGE_STANDARD = gnu11;
				GCC_NO_COMMON_BLOCKS = YES;
				GCC_WARN_64_TO_32_BIT_CONVERSION = YES;
				GCC_WARN_ABOUT_RETURN_TYPE = YES_ERROR;
				GCC_WARN_UNDECLARED_SELECTOR = YES;
				GCC_WARN_UNINITIALIZED_AUTOS = YES_AGGRESSIVE;
				GCC_WARN_UNUSED_FUNCTION = YES;
				GCC_WARN_UNUSED_VARIABLE = YES;
				IPHONEOS_DEPLOYMENT_TARGET = 15.4;
				MTL_ENABLE_DEBUG_INFO = NO;
				MTL_FAST_MATH = YES;
				SDKROOT = iphoneos;
				SWIFT_COMPILATION_MODE = wholemodule;
				SWIFT_OPTIMIZATION_LEVEL = "-O";
				VALIDATE_PRODUCT = YES;
			};
			name = Release;
		};
		63CD3FEC2A87C38E00B8A450 /* Debug */ = {
			isa = XCBuildConfiguration;
			buildSettings = {
				ASSETCATALOG_COMPILER_APPICON_NAME = AppIcon;
				ASSETCATALOG_COMPILER_GLOBAL_ACCENT_COLOR_NAME = AccentColor;
				CODE_SIGN_STYLE = Automatic;
				CURRENT_PROJECT_VERSION = 1;
				DEVELOPMENT_TEAM = PD2G628U2J;
				GENERATE_INFOPLIST_FILE = YES;
				INFOPLIST_FILE = RickAndMorty/Info.plist;
				INFOPLIST_KEY_CFBundleDisplayName = "Rick & Morty";
				INFOPLIST_KEY_UIApplicationSupportsIndirectInputEvents = YES;
				INFOPLIST_KEY_UILaunchStoryboardName = LaunchScreen;
				INFOPLIST_KEY_UISupportedInterfaceOrientations_iPad = "UIInterfaceOrientationPortrait UIInterfaceOrientationPortraitUpsideDown UIInterfaceOrientationLandscapeLeft UIInterfaceOrientationLandscapeRight";
				INFOPLIST_KEY_UISupportedInterfaceOrientations_iPhone = "UIInterfaceOrientationPortrait UIInterfaceOrientationLandscapeLeft UIInterfaceOrientationLandscapeRight";
				LD_RUNPATH_SEARCH_PATHS = (
					"$(inherited)",
					"@executable_path/Frameworks",
				);
				MARKETING_VERSION = 1.0;
				PRODUCT_BUNDLE_IDENTIFIER = com.egor.RickAndMorty;
				PRODUCT_NAME = "$(TARGET_NAME)";
				SWIFT_EMIT_LOC_STRINGS = YES;
				SWIFT_VERSION = 5.0;
				TARGETED_DEVICE_FAMILY = "1,2";
			};
			name = Debug;
		};
		63CD3FED2A87C38E00B8A450 /* Release */ = {
			isa = XCBuildConfiguration;
			buildSettings = {
				ASSETCATALOG_COMPILER_APPICON_NAME = AppIcon;
				ASSETCATALOG_COMPILER_GLOBAL_ACCENT_COLOR_NAME = AccentColor;
				CODE_SIGN_STYLE = Automatic;
				CURRENT_PROJECT_VERSION = 1;
				DEVELOPMENT_TEAM = PD2G628U2J;
				GENERATE_INFOPLIST_FILE = YES;
				INFOPLIST_FILE = RickAndMorty/Info.plist;
				INFOPLIST_KEY_CFBundleDisplayName = "Rick & Morty";
				INFOPLIST_KEY_UIApplicationSupportsIndirectInputEvents = YES;
				INFOPLIST_KEY_UILaunchStoryboardName = LaunchScreen;
				INFOPLIST_KEY_UISupportedInterfaceOrientations_iPad = "UIInterfaceOrientationPortrait UIInterfaceOrientationPortraitUpsideDown UIInterfaceOrientationLandscapeLeft UIInterfaceOrientationLandscapeRight";
				INFOPLIST_KEY_UISupportedInterfaceOrientations_iPhone = "UIInterfaceOrientationPortrait UIInterfaceOrientationLandscapeLeft UIInterfaceOrientationLandscapeRight";
				LD_RUNPATH_SEARCH_PATHS = (
					"$(inherited)",
					"@executable_path/Frameworks",
				);
				MARKETING_VERSION = 1.0;
				PRODUCT_BUNDLE_IDENTIFIER = com.egor.RickAndMorty;
				PRODUCT_NAME = "$(TARGET_NAME)";
				SWIFT_EMIT_LOC_STRINGS = YES;
				SWIFT_VERSION = 5.0;
				TARGETED_DEVICE_FAMILY = "1,2";
			};
			name = Release;
		};
/* End XCBuildConfiguration section */

/* Begin XCConfigurationList section */
		63CD3FD22A87C38B00B8A450 /* Build configuration list for PBXProject "RickAndMorty" */ = {
			isa = XCConfigurationList;
			buildConfigurations = (
				63CD3FE92A87C38E00B8A450 /* Debug */,
				63CD3FEA2A87C38E00B8A450 /* Release */,
			);
			defaultConfigurationIsVisible = 0;
			defaultConfigurationName = Release;
		};
		63CD3FEB2A87C38E00B8A450 /* Build configuration list for PBXNativeTarget "RickAndMorty" */ = {
			isa = XCConfigurationList;
			buildConfigurations = (
				63CD3FEC2A87C38E00B8A450 /* Debug */,
				63CD3FED2A87C38E00B8A450 /* Release */,
			);
			defaultConfigurationIsVisible = 0;
			defaultConfigurationName = Release;
		};
/* End XCConfigurationList section */
	};
	rootObject = 63CD3FCF2A87C38B00B8A450 /* Project object */;
}
